
Microsoft Visual Studio Solution File, Format Version 12.00
# Visual Studio 15
VisualStudioVersion = 15.0.26730.15
MinimumVisualStudioVersion = 10.0.40219.1
Project("{FAE04EC0-301F-11D3-BF4B-00C04F79EFBC}") = "Delegates", "Delegates\Delegates.csproj", "{4219A657-8DDD-4C7A-8E67-DF5FDDBF6996}"
EndProject
Global
	GlobalSection(SolutionConfigurationPlatforms) = preSolution
		Debug|Any CPU = Debug|Any CPU
		Release|Any CPU = Release|Any CPU
	EndGlobalSection
	GlobalSection(ProjectConfigurationPlatforms) = postSolution
		{4219A657-8DDD-4C7A-8E67-DF5FDDBF6996}.Debug|Any CPU.ActiveCfg = Debug|Any CPU
		{4219A657-8DDD-4C7A-8E67-DF5FDDBF6996}.Debug|Any CPU.Build.0 = Debug|Any CPU
		{4219A657-8DDD-4C7A-8E67-DF5FDDBF6996}.Release|Any CPU.ActiveCfg = Release|Any CPU
		{4219A657-8DDD-4C7A-8E67-DF5FDDBF6996}.Release|Any CPU.Build.0 = Release|Any CPU
	EndGlobalSection
	GlobalSection(SolutionProperties) = preSolution
		HideSolutionNode = FALSE
	EndGlobalSection
	GlobalSection(ExtensibilityGlobals) = postSolution
		SolutionGuid = {D0F46D22-16C8-4C5A-9FB4-E185FA0094B4}
	EndGlobalSection
EndGlobal
